
Microsoft Visual Studio Solution File, Format Version 12.00
# Visual Studio Version 17
VisualStudioVersion = 17.1.32228.430
MinimumVisualStudioVersion = 10.0.40219.1
Project("{2150E333-8FDC-42A3-9474-1A3956D46DE8}") = "Solution Items", "Solution Items", "{903EFD40-15F9-4E46-96E0-FCABD771938A}"
	ProjectSection(SolutionItems) = preProject
		.editorconfig = .editorconfig
	EndProjectSection
EndProject
Project("{9A19103F-16F7-4668-BE54-9A1E7A4F7556}") = "RecordAssist.API", "RecordAssist.API\RecordAssist.API.csproj", "{F7398CB8-A3ED-4D3B-8015-78A9E814A7F9}"
	ProjectSection(ProjectDependencies) = postProject
		{46D12D23-6AA6-41B9-AC98-E0D3A6D52AD7} = {46D12D23-6AA6-41B9-AC98-E0D3A6D52AD7}
		{469EA586-6A3F-4DC1-99CB-53BCC104F3F5} = {469EA586-6A3F-4DC1-99CB-53BCC104F3F5}
		{C97406ED-E9FC-4480-A3BE-65011D5FF641} = {C97406ED-E9FC-4480-A3BE-65011D5FF641}
		{11D919F1-6731-40C2-A002-E6DB39D576C8} = {11D919F1-6731-40C2-A002-E6DB39D576C8}
	EndProjectSection
EndProject
Project("{9A19103F-16F7-4668-BE54-9A1E7A4F7556}") = "RecordAssist.Data", "RecordAssist.Data\RecordAssist.Data.csproj", "{11D919F1-6731-40C2-A002-E6DB39D576C8}"
EndProject
Project("{9A19103F-16F7-4668-BE54-9A1E7A4F7556}") = "RecordAssist.DTOs", "RecordAssist.DTOs\RecordAssist.DTOs.csproj", "{469EA586-6A3F-4DC1-99CB-53BCC104F3F5}"
EndProject
Project("{9A19103F-16F7-4668-BE54-9A1E7A4F7556}") = "RecordAssist.Providers", "RecordAssist.Providers\RecordAssist.Providers.csproj", "{46D12D23-6AA6-41B9-AC98-E0D3A6D52AD7}"
EndProject
Project("{9A19103F-16F7-4668-BE54-9A1E7A4F7556}") = "RecordAssist.Test.Integration", "RecordAssist.Test.Integration\RecordAssist.Test.Integration.csproj", "{E8A7FFAF-5E47-40E9-AB30-017AAD1D6375}"
EndProject
Project("{9A19103F-16F7-4668-BE54-9A1E7A4F7556}") = "RecordAssist.Test.Unit", "RecordAssist.Test.Unit\RecordAssist.Test.Unit.csproj", "{C6AD7DFB-FBBB-4656-B2E2-6E1365793A20}"
EndProject
Project("{9A19103F-16F7-4668-BE54-9A1E7A4F7556}") = "RecordAssist.Utilities", "RecordAssist.Utilities\RecordAssist.Utilities.csproj", "{C97406ED-E9FC-4480-A3BE-65011D5FF641}"
EndProject
Global
	GlobalSection(SolutionConfigurationPlatforms) = preSolution
		Debug|Any CPU = Debug|Any CPU
		Release|Any CPU = Release|Any CPU
	EndGlobalSection
	GlobalSection(ProjectConfigurationPlatforms) = postSolution
		{F7398CB8-A3ED-4D3B-8015-78A9E814A7F9}.Debug|Any CPU.ActiveCfg = Debug|Any CPU
		{F7398CB8-A3ED-4D3B-8015-78A9E814A7F9}.Debug|Any CPU.Build.0 = Debug|Any CPU
		{F7398CB8-A3ED-4D3B-8015-78A9E814A7F9}.Release|Any CPU.ActiveCfg = Release|Any CPU
		{F7398CB8-A3ED-4D3B-8015-78A9E814A7F9}.Release|Any CPU.Build.0 = Release|Any CPU
		{11D919F1-6731-40C2-A002-E6DB39D576C8}.Debug|Any CPU.ActiveCfg = Release|Any CPU
		{11D919F1-6731-40C2-A002-E6DB39D576C8}.Debug|Any CPU.Build.0 = Release|Any CPU
		{11D919F1-6731-40C2-A002-E6DB39D576C8}.Release|Any CPU.ActiveCfg = Release|Any CPU
		{11D919F1-6731-40C2-A002-E6DB39D576C8}.Release|Any CPU.Build.0 = Release|Any CPU
		{469EA586-6A3F-4DC1-99CB-53BCC104F3F5}.Debug|Any CPU.ActiveCfg = Debug|Any CPU
		{469EA586-6A3F-4DC1-99CB-53BCC104F3F5}.Debug|Any CPU.Build.0 = Debug|Any CPU
		{469EA586-6A3F-4DC1-99CB-53BCC104F3F5}.Release|Any CPU.ActiveCfg = Release|Any CPU
		{469EA586-6A3F-4DC1-99CB-53BCC104F3F5}.Release|Any CPU.Build.0 = Release|Any CPU
		{46D12D23-6AA6-41B9-AC98-E0D3A6D52AD7}.Debug|Any CPU.ActiveCfg = Debug|Any CPU
		{46D12D23-6AA6-41B9-AC98-E0D3A6D52AD7}.Debug|Any CPU.Build.0 = Debug|Any CPU
		{46D12D23-6AA6-41B9-AC98-E0D3A6D52AD7}.Release|Any CPU.ActiveCfg = Release|Any CPU
		{46D12D23-6AA6-41B9-AC98-E0D3A6D52AD7}.Release|Any CPU.Build.0 = Release|Any CPU
		{E8A7FFAF-5E47-40E9-AB30-017AAD1D6375}.Debug|Any CPU.ActiveCfg = Debug|Any CPU
		{E8A7FFAF-5E47-40E9-AB30-017AAD1D6375}.Debug|Any CPU.Build.0 = Debug|Any CPU
		{E8A7FFAF-5E47-40E9-AB30-017AAD1D6375}.Release|Any CPU.ActiveCfg = Release|Any CPU
		{E8A7FFAF-5E47-40E9-AB30-017AAD1D6375}.Release|Any CPU.Build.0 = Release|Any CPU
		{C6AD7DFB-FBBB-4656-B2E2-6E1365793A20}.Debug|Any CPU.ActiveCfg = Debug|Any CPU
		{C6AD7DFB-FBBB-4656-B2E2-6E1365793A20}.Debug|Any CPU.Build.0 = Debug|Any CPU
		{C6AD7DFB-FBBB-4656-B2E2-6E1365793A20}.Release|Any CPU.ActiveCfg = Release|Any CPU
		{C6AD7DFB-FBBB-4656-B2E2-6E1365793A20}.Release|Any CPU.Build.0 = Release|Any CPU
		{C97406ED-E9FC-4480-A3BE-65011D5FF641}.Debug|Any CPU.ActiveCfg = Release|Any CPU
		{C97406ED-E9FC-4480-A3BE-65011D5FF641}.Debug|Any CPU.Build.0 = Release|Any CPU
		{C97406ED-E9FC-4480-A3BE-65011D5FF641}.Release|Any CPU.ActiveCfg = Release|Any CPU
		{C97406ED-E9FC-4480-A3BE-65011D5FF641}.Release|Any CPU.Build.0 = Release|Any CPU
	EndGlobalSection
	GlobalSection(SolutionProperties) = preSolution
		HideSolutionNode = FALSE
	EndGlobalSection
	GlobalSection(ExtensibilityGlobals) = postSolution
		SolutionGuid = {75743A65-FE77-40E4-B867-DC98A14B24D0}
	EndGlobalSection
EndGlobal
